
Microsoft Visual Studio Solution File, Format Version 12.00
# Visual Studio Version 16
VisualStudioVersion = 16.0.30907.101
MinimumVisualStudioVersion = 10.0.40219.1
Project("{FAE04EC0-301F-11D3-BF4B-00C04F79EFBC}") = "FlexHR.DataAccess", "FlexHR.DataAccess\FlexHR.DataAccess.csproj", "{2CC765F3-AC25-4049-B01A-62A46813D510}"
EndProject
Project("{FAE04EC0-301F-11D3-BF4B-00C04F79EFBC}") = "FlexHR.DTO", "FlexHR.DTO\FlexHR.DTO.csproj", "{52930E0A-FE0B-4DB8-8126-17457BA11F36}"
EndProject
Project("{FAE04EC0-301F-11D3-BF4B-00C04F79EFBC}") = "FlexHR.Entity", "FlexHR.Entity\FlexHR.Entity.csproj", "{D85AF486-06E0-4552-A20E-202FE625FC6B}"
EndProject
Project("{FAE04EC0-301F-11D3-BF4B-00C04F79EFBC}") = "FlexHR.Business", "FlexHR.Business\FlexHR.Business.csproj", "{08273D37-A513-41EB-8DE3-C0969F8C0B43}"
EndProject
Project("{FAE04EC0-301F-11D3-BF4B-00C04F79EFBC}") = "FlexHR.Web", "FlexHR.Web\FlexHR.Web.csproj", "{EEC83517-C7A6-4A56-A517-BA3BCE8EE471}"
EndProject
Global
	GlobalSection(SolutionConfigurationPlatforms) = preSolution
		Debug|Any CPU = Debug|Any CPU
		Release|Any CPU = Release|Any CPU
	EndGlobalSection
	GlobalSection(ProjectConfigurationPlatforms) = postSolution
		{2CC765F3-AC25-4049-B01A-62A46813D510}.Debug|Any CPU.ActiveCfg = Debug|Any CPU
		{2CC765F3-AC25-4049-B01A-62A46813D510}.Debug|Any CPU.Build.0 = Debug|Any CPU
		{2CC765F3-AC25-4049-B01A-62A46813D510}.Release|Any CPU.ActiveCfg = Release|Any CPU
		{2CC765F3-AC25-4049-B01A-62A46813D510}.Release|Any CPU.Build.0 = Release|Any CPU
		{52930E0A-FE0B-4DB8-8126-17457BA11F36}.Debug|Any CPU.ActiveCfg = Debug|Any CPU
		{52930E0A-FE0B-4DB8-8126-17457BA11F36}.Debug|Any CPU.Build.0 = Debug|Any CPU
		{52930E0A-FE0B-4DB8-8126-17457BA11F36}.Release|Any CPU.ActiveCfg = Release|Any CPU
		{52930E0A-FE0B-4DB8-8126-17457BA11F36}.Release|Any CPU.Build.0 = Release|Any CPU
		{D85AF486-06E0-4552-A20E-202FE625FC6B}.Debug|Any CPU.ActiveCfg = Debug|Any CPU
		{D85AF486-06E0-4552-A20E-202FE625FC6B}.Debug|Any CPU.Build.0 = Debug|Any CPU
		{D85AF486-06E0-4552-A20E-202FE625FC6B}.Release|Any CPU.ActiveCfg = Release|Any CPU
		{D85AF486-06E0-4552-A20E-202FE625FC6B}.Release|Any CPU.Build.0 = Release|Any CPU
		{08273D37-A513-41EB-8DE3-C0969F8C0B43}.Debug|Any CPU.ActiveCfg = Debug|Any CPU
		{08273D37-A513-41EB-8DE3-C0969F8C0B43}.Debug|Any CPU.Build.0 = Debug|Any CPU
		{08273D37-A513-41EB-8DE3-C0969F8C0B43}.Release|Any CPU.ActiveCfg = Release|Any CPU
		{08273D37-A513-41EB-8DE3-C0969F8C0B43}.Release|Any CPU.Build.0 = Release|Any CPU
		{EEC83517-C7A6-4A56-A517-BA3BCE8EE471}.Debug|Any CPU.ActiveCfg = Debug|Any CPU
		{EEC83517-C7A6-4A56-A517-BA3BCE8EE471}.Debug|Any CPU.Build.0 = Debug|Any CPU
		{EEC83517-C7A6-4A56-A517-BA3BCE8EE471}.Release|Any CPU.ActiveCfg = Release|Any CPU
		{EEC83517-C7A6-4A56-A517-BA3BCE8EE471}.Release|Any CPU.Build.0 = Release|Any CPU
	EndGlobalSection
	GlobalSection(SolutionProperties) = preSolution
		HideSolutionNode = FALSE
	EndGlobalSection
	GlobalSection(ExtensibilityGlobals) = postSolution
		SolutionGuid = {703AA5D5-E893-4EE4-9478-E197A54AA896}
	EndGlobalSection
EndGlobal
